
Microsoft Visual Studio Solution File, Format Version 12.00
# Visual Studio 15
VisualStudioVersion = 15.0.27130.2027
MinimumVisualStudioVersion = 10.0.40219.1
Project("{FAE04EC0-301F-11D3-BF4B-00C04F79EFBC}") = "TimeWebAPI", "TimeWebAPI\TimeWebAPI.csproj", "{4FF09F27-F320-4C6C-8658-369DEB852CF9}"
EndProject
Project("{E24C65DC-7377-472B-9ABA-BC803B73C61A}") = "UseTimeZome", "UseTimeZome\", "{03B6CDA8-0125-4644-8BA3-78969EBBE7DC}"
	ProjectSection(WebsiteProperties) = preProject
		TargetFrameworkMoniker = ".NETFramework,Version%3Dv4.6.1"
		ProjectReferences = "{4ff09f27-f320-4c6c-8658-369deb852cf9}|TimeWebAPI.dll;"
		Debug.AspNetCompiler.VirtualPath = "/localhost_4285"
		Debug.AspNetCompiler.PhysicalPath = "UseTimeZome\"
		Debug.AspNetCompiler.TargetPath = "PrecompiledWeb\localhost_4285\"
		Debug.AspNetCompiler.Updateable = "true"
		Debug.AspNetCompiler.ForceOverwrite = "true"
		Debug.AspNetCompiler.FixedNames = "false"
		Debug.AspNetCompiler.Debug = "True"
		Release.AspNetCompiler.VirtualPath = "/localhost_4285"
		Release.AspNetCompiler.PhysicalPath = "UseTimeZome\"
		Release.AspNetCompiler.TargetPath = "PrecompiledWeb\localhost_4285\"
		Release.AspNetCompiler.Updateable = "true"
		Release.AspNetCompiler.ForceOverwrite = "true"
		Release.AspNetCompiler.FixedNames = "false"
		Release.AspNetCompiler.Debug = "False"
		VWDPort = "4285"
		SlnRelativePath = "UseTimeZome\"
		DefaultWebSiteLanguage = "Visual C#"
	EndProjectSection
EndProject
Global
	GlobalSection(SolutionConfigurationPlatforms) = preSolution
		Debug|Any CPU = Debug|Any CPU
		Release|Any CPU = Release|Any CPU
	EndGlobalSection
	GlobalSection(ProjectConfigurationPlatforms) = postSolution
		{4FF09F27-F320-4C6C-8658-369DEB852CF9}.Debug|Any CPU.ActiveCfg = Debug|Any CPU
		{4FF09F27-F320-4C6C-8658-369DEB852CF9}.Debug|Any CPU.Build.0 = Debug|Any CPU
		{4FF09F27-F320-4C6C-8658-369DEB852CF9}.Release|Any CPU.ActiveCfg = Release|Any CPU
		{4FF09F27-F320-4C6C-8658-369DEB852CF9}.Release|Any CPU.Build.0 = Release|Any CPU
		{03B6CDA8-0125-4644-8BA3-78969EBBE7DC}.Debug|Any CPU.ActiveCfg = Debug|Any CPU
		{03B6CDA8-0125-4644-8BA3-78969EBBE7DC}.Debug|Any CPU.Build.0 = Debug|Any CPU
		{03B6CDA8-0125-4644-8BA3-78969EBBE7DC}.Release|Any CPU.ActiveCfg = Debug|Any CPU
		{03B6CDA8-0125-4644-8BA3-78969EBBE7DC}.Release|Any CPU.Build.0 = Debug|Any CPU
	EndGlobalSection
	GlobalSection(SolutionProperties) = preSolution
		HideSolutionNode = FALSE
	EndGlobalSection
	GlobalSection(ExtensibilityGlobals) = postSolution
		SolutionGuid = {CB5BEA12-1F7F-48BA-8A0A-31506581BF3A}
	EndGlobalSection
EndGlobal
